
Microsoft Visual Studio Solution File, Format Version 12.00
# Visual Studio 15
VisualStudioVersion = 15.0.27004.2010
MinimumVisualStudioVersion = 10.0.40219.1
Project("{FAE04EC0-301F-11D3-BF4B-00C04F79EFBC}") = "XamlStudio", "XamlStudio\XamlStudio.csproj", "{9A08E04B-13E0-49C5-A5F1-43E8E2FC1D07}"
EndProject
Project("{FAE04EC0-301F-11D3-BF4B-00C04F79EFBC}") = "Microsoft.Toolkit.Future", "Microsoft.Toolkit.Future\Microsoft.Toolkit.Future.csproj", "{BA818F63-02D8-4CE7-B6FB-475678144C07}"
EndProject
Project("{FAE04EC0-301F-11D3-BF4B-00C04F79EFBC}") = "XamlStudio.Toolkit", "XamlStudio.Toolkit\XamlStudio.Toolkit.csproj", "{E8DC98C8-3BEE-430B-B844-AD5B57CA859C}"
EndProject
Project("{2150E333-8FDC-42A3-9474-1A3956D46DE8}") = "Config", "Config", "{8B0881BC-A57D-4759-B4D6-DB5846F32970}"
	ProjectSection(SolutionItems) = preProject
		xamlstyler.vssettings = xamlstyler.vssettings
	EndProjectSection
EndProject
Project("{FAE04EC0-301F-11D3-BF4B-00C04F79EFBC}") = "XamlStudio.Toolkit.UnitTests", "XamlStudio.Toolkit.UnitTests\XamlStudio.Toolkit.UnitTests.csproj", "{CBC292EC-884C-4A7A-B0A5-03E6F4C5935C}"
EndProject
Global
	GlobalSection(SolutionConfigurationPlatforms) = preSolution
		Debug|Any CPU = Debug|Any CPU
		Debug|ARM = Debug|ARM
		Debug|ARM64 = Debug|ARM64
		Debug|x64 = Debug|x64
		Debug|x86 = Debug|x86
		Release|Any CPU = Release|Any CPU
		Release|ARM = Release|ARM
		Release|ARM64 = Release|ARM64
		Release|x64 = Release|x64
		Release|x86 = Release|x86
	EndGlobalSection
	GlobalSection(ProjectConfigurationPlatforms) = postSolution
		{9A08E04B-13E0-49C5-A5F1-43E8E2FC1D07}.Debug|Any CPU.ActiveCfg = Debug|x86
		{9A08E04B-13E0-49C5-A5F1-43E8E2FC1D07}.Debug|Any CPU.Build.0 = Debug|x86
		{9A08E04B-13E0-49C5-A5F1-43E8E2FC1D07}.Debug|Any CPU.Deploy.0 = Debug|x86
		{9A08E04B-13E0-49C5-A5F1-43E8E2FC1D07}.Debug|ARM.ActiveCfg = Debug|ARM
		{9A08E04B-13E0-49C5-A5F1-43E8E2FC1D07}.Debug|ARM.Build.0 = Debug|ARM
		{9A08E04B-13E0-49C5-A5F1-43E8E2FC1D07}.Debug|ARM.Deploy.0 = Debug|ARM
		{9A08E04B-13E0-49C5-A5F1-43E8E2FC1D07}.Debug|ARM64.ActiveCfg = Debug|x86
		{9A08E04B-13E0-49C5-A5F1-43E8E2FC1D07}.Debug|x64.ActiveCfg = Debug|x64
		{9A08E04B-13E0-49C5-A5F1-43E8E2FC1D07}.Debug|x64.Build.0 = Debug|x64
		{9A08E04B-13E0-49C5-A5F1-43E8E2FC1D07}.Debug|x64.Deploy.0 = Debug|x64
		{9A08E04B-13E0-49C5-A5F1-43E8E2FC1D07}.Debug|x86.ActiveCfg = Debug|x86
		{9A08E04B-13E0-49C5-A5F1-43E8E2FC1D07}.Debug|x86.Build.0 = Debug|x86
		{9A08E04B-13E0-49C5-A5F1-43E8E2FC1D07}.Debug|x86.Deploy.0 = Debug|x86
		{9A08E04B-13E0-49C5-A5F1-43E8E2FC1D07}.Release|Any CPU.ActiveCfg = Release|x86
		{9A08E04B-13E0-49C5-A5F1-43E8E2FC1D07}.Release|ARM.ActiveCfg = Release|ARM
		{9A08E04B-13E0-49C5-A5F1-43E8E2FC1D07}.Release|ARM.Build.0 = Release|ARM
		{9A08E04B-13E0-49C5-A5F1-43E8E2FC1D07}.Release|ARM.Deploy.0 = Release|ARM
		{9A08E04B-13E0-49C5-A5F1-43E8E2FC1D07}.Release|ARM64.ActiveCfg = Release|x86
		{9A08E04B-13E0-49C5-A5F1-43E8E2FC1D07}.Release|x64.ActiveCfg = Release|x64
		{9A08E04B-13E0-49C5-A5F1-43E8E2FC1D07}.Release|x64.Build.0 = Release|x64
		{9A08E04B-13E0-49C5-A5F1-43E8E2FC1D07}.Release|x64.Deploy.0 = Release|x64
		{9A08E04B-13E0-49C5-A5F1-43E8E2FC1D07}.Release|x86.ActiveCfg = Release|x86
		{9A08E04B-13E0-49C5-A5F1-43E8E2FC1D07}.Release|x86.Build.0 = Release|x86
		{9A08E04B-13E0-49C5-A5F1-43E8E2FC1D07}.Release|x86.Deploy.0 = Release|x86
		{BA818F63-02D8-4CE7-B6FB-475678144C07}.Debug|Any CPU.ActiveCfg = Debug|Any CPU
		{BA818F63-02D8-4CE7-B6FB-475678144C07}.Debug|Any CPU.Build.0 = Debug|Any CPU
		{BA818F63-02D8-4CE7-B6FB-475678144C07}.Debug|ARM.ActiveCfg = Debug|ARM
		{BA818F63-02D8-4CE7-B6FB-475678144C07}.Debug|ARM.Build.0 = Debug|ARM
		{BA818F63-02D8-4CE7-B6FB-475678144C07}.Debug|ARM64.ActiveCfg = Debug|Any CPU
		{BA818F63-02D8-4CE7-B6FB-475678144C07}.Debug|ARM64.Build.0 = Debug|Any CPU
		{BA818F63-02D8-4CE7-B6FB-475678144C07}.Debug|x64.ActiveCfg = Debug|x64
		{BA818F63-02D8-4CE7-B6FB-475678144C07}.Debug|x64.Build.0 = Debug|x64
		{BA818F63-02D8-4CE7-B6FB-475678144C07}.Debug|x86.ActiveCfg = Debug|x86
		{BA818F63-02D8-4CE7-B6FB-475678144C07}.Debug|x86.Build.0 = Debug|x86
		{BA818F63-02D8-4CE7-B6FB-475678144C07}.Release|Any CPU.ActiveCfg = Release|Any CPU
		{BA818F63-02D8-4CE7-B6FB-475678144C07}.Release|Any CPU.Build.0 = Release|Any CPU
		{BA818F63-02D8-4CE7-B6FB-475678144C07}.Release|ARM.ActiveCfg = Release|ARM
		{BA818F63-02D8-4CE7-B6FB-475678144C07}.Release|ARM.Build.0 = Release|ARM
		{BA818F63-02D8-4CE7-B6FB-475678144C07}.Release|ARM64.ActiveCfg = Release|Any CPU
		{BA818F63-02D8-4CE7-B6FB-475678144C07}.Release|ARM64.Build.0 = Release|Any CPU
		{BA818F63-02D8-4CE7-B6FB-475678144C07}.Release|x64.ActiveCfg = Release|x64
		{BA818F63-02D8-4CE7-B6FB-475678144C07}.Release|x64.Build.0 = Release|x64
		{BA818F63-02D8-4CE7-B6FB-475678144C07}.Release|x86.ActiveCfg = Release|x86
		{BA818F63-02D8-4CE7-B6FB-475678144C07}.Release|x86.Build.0 = Release|x86
		{E8DC98C8-3BEE-430B-B844-AD5B57CA859C}.Debug|Any CPU.ActiveCfg = Debug|Any CPU
		{E8DC98C8-3BEE-430B-B844-AD5B57CA859C}.Debug|Any CPU.Build.0 = Debug|Any CPU
		{E8DC98C8-3BEE-430B-B844-AD5B57CA859C}.Debug|ARM.ActiveCfg = Debug|ARM
		{E8DC98C8-3BEE-430B-B844-AD5B57CA859C}.Debug|ARM.Build.0 = Debug|ARM
		{E8DC98C8-3BEE-430B-B844-AD5B57CA859C}.Debug|ARM64.ActiveCfg = Debug|Any CPU
		{E8DC98C8-3BEE-430B-B844-AD5B57CA859C}.Debug|ARM64.Build.0 = Debug|Any CPU
		{E8DC98C8-3BEE-430B-B844-AD5B57CA859C}.Debug|x64.ActiveCfg = Debug|x64
		{E8DC98C8-3BEE-430B-B844-AD5B57CA859C}.Debug|x64.Build.0 = Debug|x64
		{E8DC98C8-3BEE-430B-B844-AD5B57CA859C}.Debug|x86.ActiveCfg = Debug|x86
		{E8DC98C8-3BEE-430B-B844-AD5B57CA859C}.Debug|x86.Build.0 = Debug|x86
		{E8DC98C8-3BEE-430B-B844-AD5B57CA859C}.Release|Any CPU.ActiveCfg = Release|Any CPU
		{E8DC98C8-3BEE-430B-B844-AD5B57CA859C}.Release|Any CPU.Build.0 = Release|Any CPU
		{E8DC98C8-3BEE-430B-B844-AD5B57CA859C}.Release|ARM.ActiveCfg = Release|ARM
		{E8DC98C8-3BEE-430B-B844-AD5B57CA859C}.Release|ARM.Build.0 = Release|ARM
		{E8DC98C8-3BEE-430B-B844-AD5B57CA859C}.Release|ARM64.ActiveCfg = Release|Any CPU
		{E8DC98C8-3BEE-430B-B844-AD5B57CA859C}.Release|ARM64.Build.0 = Release|Any CPU
		{E8DC98C8-3BEE-430B-B844-AD5B57CA859C}.Release|x64.ActiveCfg = Release|x64
		{E8DC98C8-3BEE-430B-B844-AD5B57CA859C}.Release|x64.Build.0 = Release|x64
		{E8DC98C8-3BEE-430B-B844-AD5B57CA859C}.Release|x86.ActiveCfg = Release|x86
		{E8DC98C8-3BEE-430B-B844-AD5B57CA859C}.Release|x86.Build.0 = Release|x86
		{CBC292EC-884C-4A7A-B0A5-03E6F4C5935C}.Debug|Any CPU.ActiveCfg = Debug|x86
		{CBC292EC-884C-4A7A-B0A5-03E6F4C5935C}.Debug|Any CPU.Build.0 = Debug|x86
		{CBC292EC-884C-4A7A-B0A5-03E6F4C5935C}.Debug|ARM.ActiveCfg = Debug|ARM
		{CBC292EC-884C-4A7A-B0A5-03E6F4C5935C}.Debug|ARM.Build.0 = Debug|ARM
		{CBC292EC-884C-4A7A-B0A5-03E6F4C5935C}.Debug|ARM.Deploy.0 = Debug|ARM
		{CBC292EC-884C-4A7A-B0A5-03E6F4C5935C}.Debug|ARM64.ActiveCfg = Debug|ARM64
		{CBC292EC-884C-4A7A-B0A5-03E6F4C5935C}.Debug|ARM64.Build.0 = Debug|ARM64
		{CBC292EC-884C-4A7A-B0A5-03E6F4C5935C}.Debug|ARM64.Deploy.0 = Debug|ARM64
		{CBC292EC-884C-4A7A-B0A5-03E6F4C5935C}.Debug|x64.ActiveCfg = Debug|x64
		{CBC292EC-884C-4A7A-B0A5-03E6F4C5935C}.Debug|x64.Build.0 = Debug|x64
		{CBC292EC-884C-4A7A-B0A5-03E6F4C5935C}.Debug|x64.Deploy.0 = Debug|x64
		{CBC292EC-884C-4A7A-B0A5-03E6F4C5935C}.Debug|x86.ActiveCfg = Debug|x86
		{CBC292EC-884C-4A7A-B0A5-03E6F4C5935C}.Debug|x86.Build.0 = Debug|x86
		{CBC292EC-884C-4A7A-B0A5-03E6F4C5935C}.Debug|x86.Deploy.0 = Debug|x86
		{CBC292EC-884C-4A7A-B0A5-03E6F4C5935C}.Release|Any CPU.ActiveCfg = Release|x86
		{CBC292EC-884C-4A7A-B0A5-03E6F4C5935C}.Release|ARM.ActiveCfg = Release|ARM
		{CBC292EC-884C-4A7A-B0A5-03E6F4C5935C}.Release|ARM.Build.0 = Release|ARM
		{CBC292EC-884C-4A7A-B0A5-03E6F4C5935C}.Release|ARM.Deploy.0 = Release|ARM
		{CBC292EC-884C-4A7A-B0A5-03E6F4C5935C}.Release|ARM64.ActiveCfg = Release|ARM64
		{CBC292EC-884C-4A7A-B0A5-03E6F4C5935C}.Release|ARM64.Build.0 = Release|ARM64
		{CBC292EC-884C-4A7A-B0A5-03E6F4C5935C}.Release|ARM64.Deploy.0 = Release|ARM64
		{CBC292EC-884C-4A7A-B0A5-03E6F4C5935C}.Release|x64.ActiveCfg = Release|x64
		{CBC292EC-884C-4A7A-B0A5-03E6F4C5935C}.Release|x64.Build.0 = Release|x64
		{CBC292EC-884C-4A7A-B0A5-03E6F4C5935C}.Release|x64.Deploy.0 = Release|x64
		{CBC292EC-884C-4A7A-B0A5-03E6F4C5935C}.Release|x86.ActiveCfg = Release|x86
		{CBC292EC-884C-4A7A-B0A5-03E6F4C5935C}.Release|x86.Build.0 = Release|x86
		{CBC292EC-884C-4A7A-B0A5-03E6F4C5935C}.Release|x86.Deploy.0 = Release|x86
	EndGlobalSection
	GlobalSection(SolutionProperties) = preSolution
		HideSolutionNode = FALSE
	EndGlobalSection
	GlobalSection(ExtensibilityGlobals) = postSolution
		SolutionGuid = {6D960684-CB73-44CC-9266-B4346EA415C2}
	EndGlobalSection
EndGlobal
